# This file is automatically @generated by Cargo.
# It is not intended for manual editing.
[[package]]
name = "mocktopus"
version = "0.7.0"
source = "registry+https://github.com/rust-lang/crates.io-index"
dependencies = [
 "mocktopus_macros 0.7.0 (registry+https://github.com/rust-lang/crates.io-index)",
]

[[package]]
name = "mocktopus_macros"
version = "0.7.0"
source = "registry+https://github.com/rust-lang/crates.io-index"
dependencies = [
 "proc-macro2 0.4.28 (registry+https://github.com/rust-lang/crates.io-index)",
 "quote 0.6.12 (registry+https://github.com/rust-lang/crates.io-index)",
 "syn 0.14.9 (registry+https://github.com/rust-lang/crates.io-index)",
]

[[package]]
name = "proc-macro2"
version = "0.4.28"
source = "registry+https://github.com/rust-lang/crates.io-index"
dependencies = [
 "unicode-xid 0.1.0 (registry+https://github.com/rust-lang/crates.io-index)",
]

[[package]]
name = "quote"
version = "0.6.12"
source = "registry+https://github.com/rust-lang/crates.io-index"
dependencies = [
 "proc-macro2 0.4.28 (registry+https://github.com/rust-lang/crates.io-index)",
]

[[package]]
name = "sample"
version = "0.1.0"
dependencies = [
 "mocktopus 0.7.0 (registry+https://github.com/rust-lang/crates.io-index)",
]

[[package]]
name = "syn"
version = "0.14.9"
source = "registry+https://github.com/rust-lang/crates.io-index"
dependencies = [
 "proc-macro2 0.4.28 (registry+https://github.com/rust-lang/crates.io-index)",
 "quote 0.6.12 (registry+https://github.com/rust-lang/crates.io-index)",
 "unicode-xid 0.1.0 (registry+https://github.com/rust-lang/crates.io-index)",
]

[[package]]
name = "unicode-xid"
version = "0.1.0"
source = "registry+https://github.com/rust-lang/crates.io-index"

[metadata]
"checksum mocktopus 0.7.0 (registry+https://github.com/rust-lang/crates.io-index)" = "7ac626c2131380faf8b0f3bd5ef0777d62bd6ee8e1bb569d0b8ff3eb117f4ec8"
"checksum mocktopus_macros 0.7.0 (registry+https://github.com/rust-lang/crates.io-index)" = "d540fdaa01cc3c5fbdb9794c2973da7f3050433938ef78758a889885cf0a61d0"
"checksum proc-macro2 0.4.28 (registry+https://github.com/rust-lang/crates.io-index)" = "ba92c84f814b3f9a44c5cfca7d2ad77fa10710867d2bbb1b3d175ab5f47daa12"
"checksum quote 0.6.12 (registry+https://github.com/rust-lang/crates.io-index)" = "faf4799c5d274f3868a4aae320a0a182cbd2baee377b378f080e16a23e9d80db"
"checksum syn 0.14.9 (registry+https://github.com/rust-lang/crates.io-index)" = "261ae9ecaa397c42b960649561949d69311f08eeaea86a65696e6e46517cf741"
"checksum unicode-xid 0.1.0 (registry+https://github.com/rust-lang/crates.io-index)" = "fc72304796d0818e357ead4e000d19c9c174ab23dc11093ac919054d20a6a7fc"
